%{
  "ash": {:hex, :ash, "3.0.0-rc.24", "1d6393b6ae73440d1bdecc09f7d8fc29e4b12f3664551acd61e44555660ae4f2", [:mix], [{:comparable, "~> 1.0", [hex: :comparable, repo: "hexpm", optional: false]}, {:decimal, "~> 2.0", [hex: :decimal, repo: "hexpm", optional: false]}, {:ecto, "~> 3.7", [hex: :ecto, repo: "hexpm", optional: false]}, {:ets, "~> 0.8", [hex: :ets, repo: "hexpm", optional: false]}, {:jason, ">= 1.0.0", [hex: :jason, repo: "hexpm", optional: false]}, {:picosat_elixir, "~> 0.2", [hex: :picosat_elixir, repo: "hexpm", optional: true]}, {:plug, ">= 0.0.0", [hex: :plug, repo: "hexpm", optional: true]}, {:reactor, ">= 0.8.1 and < 1.0.0-0", [hex: :reactor, repo: "hexpm", optional: false]}, {:simple_sat, ">= 0.1.1 and < 1.0.0-0", [hex: :simple_sat, repo: "hexpm", optional: true]}, {:spark, ">= 2.1.18 and < 3.0.0-0", [hex: :spark, repo: "hexpm", optional: false]}, {:splode, "~> 0.2", [hex: :splode, repo: "hexpm", optional: false]}, {:stream_data, "~> 0.6", [hex: :stream_data, repo: "hexpm", optional: false]}, {:telemetry, "~> 1.1", [hex: :telemetry, repo: "hexpm", optional: false]}], "hexpm", "d268c198b83a5ea6a6b54d4132127cbcbab858757175d44f3b2fcf78dc6ffdfd"},
  "ash_sql": {:hex, :ash_sql, "0.1.1-rc.6", "350aa338bc93ccdcd41a5a7d4aef65d54ef37881464fc9ad8168cdd92744f846", [:mix], [{:ash, "~> 3.0.0-rc", [hex: :ash, repo: "hexpm", optional: false]}, {:ecto, "~> 3.9", [hex: :ecto, repo: "hexpm", optional: false]}, {:ecto_sql, "~> 3.9", [hex: :ecto_sql, repo: "hexpm", optional: false]}], "hexpm", "209ae466b744c81036d83b436065c86a2fff7453b7cfbe3b7d020b20c2443ec7"},
  "benchee": {:hex, :benchee, "1.3.0", "f64e3b64ad3563fa9838146ddefb2d2f94cf5b473bdfd63f5ca4d0657bf96694", [:mix], [{:deep_merge, "~> 1.0", [hex: :deep_merge, repo: "hexpm", optional: false]}, {:statistex, "~> 1.0", [hex: :statistex, repo: "hexpm", optional: false]}, {:table, "~> 0.1.0", [hex: :table, repo: "hexpm", optional: true]}], "hexpm", "34f4294068c11b2bd2ebf2c59aac9c7da26ffa0068afdf3419f1b176e16c5f81"},
  "bunt": {:hex, :bunt, "1.0.0", "081c2c665f086849e6d57900292b3a161727ab40431219529f13c4ddcf3e7a44", [:mix], [], "hexpm", "dc5f86aa08a5f6fa6b8096f0735c4e76d54ae5c9fa2c143e5a1fc7c1cd9bb6b5"},
  "comparable": {:hex, :comparable, "1.0.0", "bb669e91cedd14ae9937053e5bcbc3c52bb2f22422611f43b6e38367d94a495f", [:mix], [{:typable, "~> 0.1", [hex: :typable, repo: "hexpm", optional: false]}], "hexpm", "277c11eeb1cd726e7cd41c6c199e7e52fa16ee6830b45ad4cdc62e51f62eb60c"},
  "credo": {:hex, :credo, "1.7.5", "643213503b1c766ec0496d828c90c424471ea54da77c8a168c725686377b9545", [:mix], [{:bunt, "~> 0.2.1 or ~> 1.0", [hex: :bunt, repo: "hexpm", optional: false]}, {:file_system, "~> 0.2 or ~> 1.0", [hex: :file_system, repo: "hexpm", optional: false]}, {:jason, "~> 1.0", [hex: :jason, repo: "hexpm", optional: false]}], "hexpm", "f799e9b5cd1891577d8c773d245668aa74a2fcd15eb277f51a0131690ebfb3fd"},
  "db_connection": {:hex, :db_connection, "2.6.0", "77d835c472b5b67fc4f29556dee74bf511bbafecdcaf98c27d27fa5918152086", [:mix], [{:telemetry, "~> 0.4 or ~> 1.0", [hex: :telemetry, repo: "hexpm", optional: false]}], "hexpm", "c2f992d15725e721ec7fbc1189d4ecdb8afef76648c746a8e1cad35e3b8a35f3"},
  "decimal": {:hex, :decimal, "2.1.1", "5611dca5d4b2c3dd497dec8f68751f1f1a54755e8ed2a966c2633cf885973ad6", [:mix], [], "hexpm", "53cfe5f497ed0e7771ae1a475575603d77425099ba5faef9394932b35020ffcc"},
  "deep_merge": {:hex, :deep_merge, "1.0.0", "b4aa1a0d1acac393bdf38b2291af38cb1d4a52806cf7a4906f718e1feb5ee961", [:mix], [], "hexpm", "ce708e5f094b9cd4e8f2be4f00d2f4250c4095be93f8cd6d018c753894885430"},
  "dialyxir": {:hex, :dialyxir, "1.4.3", "edd0124f358f0b9e95bfe53a9fcf806d615d8f838e2202a9f430d59566b6b53b", [:mix], [{:erlex, ">= 0.2.6", [hex: :erlex, repo: "hexpm", optional: false]}], "hexpm", "bf2cfb75cd5c5006bec30141b131663299c661a864ec7fbbc72dfa557487a986"},
  "earmark_parser": {:hex, :earmark_parser, "1.4.39", "424642f8335b05bb9eb611aa1564c148a8ee35c9c8a8bba6e129d51a3e3c6769", [:mix], [], "hexpm", "06553a88d1f1846da9ef066b87b57c6f605552cfbe40d20bd8d59cc6bde41944"},
  "ecto": {:hex, :ecto, "3.11.2", "e1d26be989db350a633667c5cda9c3d115ae779b66da567c68c80cfb26a8c9ee", [:mix], [{:decimal, "~> 2.0", [hex: :decimal, repo: "hexpm", optional: false]}, {:jason, "~> 1.0", [hex: :jason, repo: "hexpm", optional: true]}, {:telemetry, "~> 0.4 or ~> 1.0", [hex: :telemetry, repo: "hexpm", optional: false]}], "hexpm", "3c38bca2c6f8d8023f2145326cc8a80100c3ffe4dcbd9842ff867f7fc6156c65"},
  "ecto_sql": {:hex, :ecto_sql, "3.11.1", "e9abf28ae27ef3916b43545f9578b4750956ccea444853606472089e7d169470", [:mix], [{:db_connection, "~> 2.4.1 or ~> 2.5", [hex: :db_connection, repo: "hexpm", optional: false]}, {:ecto, "~> 3.11.0", [hex: :ecto, repo: "hexpm", optional: false]}, {:myxql, "~> 0.6.0", [hex: :myxql, repo: "hexpm", optional: true]}, {:postgrex, "~> 0.16.0 or ~> 0.17.0 or ~> 1.0", [hex: :postgrex, repo: "hexpm", optional: true]}, {:tds, "~> 2.1.1 or ~> 2.2", [hex: :tds, repo: "hexpm", optional: true]}, {:telemetry, "~> 0.4.0 or ~> 1.0", [hex: :telemetry, repo: "hexpm", optional: false]}], "hexpm", "ce14063ab3514424276e7e360108ad6c2308f6d88164a076aac8a387e1fea634"},
  "erlex": {:hex, :erlex, "0.2.6", "c7987d15e899c7a2f34f5420d2a2ea0d659682c06ac607572df55a43753aa12e", [:mix], [], "hexpm", "2ed2e25711feb44d52b17d2780eabf998452f6efda104877a3881c2f8c0c0c75"},
  "ets": {:hex, :ets, "0.9.0", "79c6a6c205436780486f72d84230c6cba2f8a9920456750ddd1e47389107d5fd", [:mix], [], "hexpm", "2861fdfb04bcaeff370f1a5904eec864f0a56dcfebe5921ea9aadf2a481c822b"},
  "ex_check": {:hex, :ex_check, "0.16.0", "07615bef493c5b8d12d5119de3914274277299c6483989e52b0f6b8358a26b5f", [:mix], [], "hexpm", "4d809b72a18d405514dda4809257d8e665ae7cf37a7aee3be6b74a34dec310f5"},
  "ex_doc": {:git, "https://github.com/elixir-lang/ex_doc.git", "a663c13478a49d29ae0267b6e45badb803267cf0", []},
  "file_system": {:hex, :file_system, "1.0.0", "b689cc7dcee665f774de94b5a832e578bd7963c8e637ef940cd44327db7de2cd", [:mix], [], "hexpm", "6752092d66aec5a10e662aefeed8ddb9531d79db0bc145bb8c40325ca1d8536d"},
  "git_cli": {:hex, :git_cli, "0.3.0", "a5422f9b95c99483385b976f5d43f7e8233283a47cda13533d7c16131cb14df5", [:mix], [], "hexpm", "78cb952f4c86a41f4d3511f1d3ecb28edb268e3a7df278de2faa1bd4672eaf9b"},
  "git_ops": {:hex, :git_ops, "2.6.0", "e0791ee1cf5db03f2c61b7ebd70e2e95cba2bb9b9793011f26609f22c0900087", [:mix], [{:git_cli, "~> 0.2", [hex: :git_cli, repo: "hexpm", optional: false]}, {:nimble_parsec, "~> 1.0", [hex: :nimble_parsec, repo: "hexpm", optional: false]}], "hexpm", "b98fca849b18aaf490f4ac7d1dd8c6c469b0cc3e6632562d366cab095e666ffe"},
  "jason": {:hex, :jason, "1.4.1", "af1504e35f629ddcdd6addb3513c3853991f694921b1b9368b0bd32beb9f1b63", [:mix], [{:decimal, "~> 1.0 or ~> 2.0", [hex: :decimal, repo: "hexpm", optional: true]}], "hexpm", "fbb01ecdfd565b56261302f7e1fcc27c4fb8f32d56eab74db621fc154604a7a1"},
  "libgraph": {:hex, :libgraph, "0.16.0", "3936f3eca6ef826e08880230f806bfea13193e49bf153f93edcf0239d4fd1d07", [:mix], [], "hexpm", "41ca92240e8a4138c30a7e06466acc709b0cbb795c643e9e17174a178982d6bf"},
  "makeup": {:hex, :makeup, "1.1.0", "6b67c8bc2882a6b6a445859952a602afc1a41c2e08379ca057c0f525366fc3ca", [:mix], [{:nimble_parsec, "~> 1.2.2 or ~> 1.3", [hex: :nimble_parsec, repo: "hexpm", optional: false]}], "hexpm", "0a45ed501f4a8897f580eabf99a2e5234ea3e75a4373c8a52824f6e873be57a6"},
  "makeup_elixir": {:hex, :makeup_elixir, "0.16.1", "cc9e3ca312f1cfeccc572b37a09980287e243648108384b97ff2b76e505c3555", [:mix], [{:makeup, "~> 1.0", [hex: :makeup, repo: "hexpm", optional: false]}, {:nimble_parsec, "~> 1.2.3 or ~> 1.3", [hex: :nimble_parsec, repo: "hexpm", optional: false]}], "hexpm", "e127a341ad1b209bd80f7bd1620a15693a9908ed780c3b763bccf7d200c767c6"},
  "makeup_erlang": {:hex, :makeup_erlang, "0.1.2", "ad87296a092a46e03b7e9b0be7631ddcf64c790fa68a9ef5323b6cbb36affc72", [:mix], [{:makeup, "~> 1.0", [hex: :makeup, repo: "hexpm", optional: false]}], "hexpm", "f3f5a1ca93ce6e092d92b6d9c049bcda58a3b617a8d888f8e7231c85630e8108"},
  "nimble_parsec": {:hex, :nimble_parsec, "1.4.0", "51f9b613ea62cfa97b25ccc2c1b4216e81df970acd8e16e8d1bdc58fef21370d", [:mix], [], "hexpm", "9c565862810fb383e9838c1dd2d7d2c437b3d13b267414ba6af33e50d2d1cf28"},
  "postgrex": {:hex, :postgrex, "0.17.5", "0483d054938a8dc069b21bdd636bf56c487404c241ce6c319c1f43588246b281", [:mix], [{:db_connection, "~> 2.1", [hex: :db_connection, repo: "hexpm", optional: false]}, {:decimal, "~> 1.5 or ~> 2.0", [hex: :decimal, repo: "hexpm", optional: false]}, {:jason, "~> 1.0", [hex: :jason, repo: "hexpm", optional: true]}, {:table, "~> 0.1.0", [hex: :table, repo: "hexpm", optional: true]}], "hexpm", "50b8b11afbb2c4095a3ba675b4f055c416d0f3d7de6633a595fc131a828a67eb"},
  "reactor": {:hex, :reactor, "0.8.1", "1aec71d16083901277727c8162f6dd0f07e80f5ca98911b6ef4f2c95e6e62758", [:mix], [{:libgraph, "~> 0.16", [hex: :libgraph, repo: "hexpm", optional: false]}, {:spark, "~> 2.0", [hex: :spark, repo: "hexpm", optional: false]}, {:splode, "~> 0.2", [hex: :splode, repo: "hexpm", optional: false]}, {:telemetry, "~> 1.2", [hex: :telemetry, repo: "hexpm", optional: false]}], "hexpm", "ae3936d97a3e4a316744f70c77b85345b08b70da334024c26e6b5eb8ede1246b"},
  "simple_sat": {:hex, :simple_sat, "0.1.3", "f650fc3c184a5fe741868b5ac56dc77fdbb428468f6dbf1978e14d0334497578", [:mix], [], "hexpm", "a54305066a356b7194dc81db2a89232bacdc0b3edaef68ed9aba28dcbc34887b"},
  "sobelow": {:hex, :sobelow, "0.13.0", "218afe9075904793f5c64b8837cc356e493d88fddde126a463839351870b8d1e", [:mix], [{:jason, "~> 1.0", [hex: :jason, repo: "hexpm", optional: false]}], "hexpm", "cd6e9026b85fc35d7529da14f95e85a078d9dd1907a9097b3ba6ac7ebbe34a0d"},
  "sourceror": {:hex, :sourceror, "1.0.3", "111711c147f4f1414c07a67b45ad0064a7a41569037355407eda635649507f1d", [:mix], [], "hexpm", "56c21ef146c00b51bc3bb78d1f047cb732d193256a7c4ba91eaf828d3ae826af"},
  "spark": {:hex, :spark, "2.1.18", "2836a5a4b2874e5493a80fdcb84cfe9f1b89a45382e042e40d117d10000bb83e", [:mix], [{:jason, "~> 1.4", [hex: :jason, repo: "hexpm", optional: false]}, {:sourceror, "~> 1.0", [hex: :sourceror, repo: "hexpm", optional: false]}], "hexpm", "f0060725e20b8d330734ac16da048022e2f37df03b74334725c40cab43c3fa6d"},
  "splode": {:hex, :splode, "0.2.2", "cda6709f829e3fe39a9550e8c8bc11821f994ecd660b5a0d60452770f227b9ca", [:mix], [], "hexpm", "8e02f47fac4bff7cfd29a65611ee3ab728dcc9c70a5c2e438addb8f25713265a"},
  "statistex": {:hex, :statistex, "1.0.0", "f3dc93f3c0c6c92e5f291704cf62b99b553253d7969e9a5fa713e5481cd858a5", [:mix], [], "hexpm", "ff9d8bee7035028ab4742ff52fc80a2aa35cece833cf5319009b52f1b5a86c27"},
  "stream_data": {:hex, :stream_data, "0.6.0", "e87a9a79d7ec23d10ff83eb025141ef4915eeb09d4491f79e52f2562b73e5f47", [:mix], [], "hexpm", "b92b5031b650ca480ced047578f1d57ea6dd563f5b57464ad274718c9c29501c"},
  "telemetry": {:hex, :telemetry, "1.2.1", "68fdfe8d8f05a8428483a97d7aab2f268aaff24b49e0f599faa091f1d4e7f61c", [:rebar3], [], "hexpm", "dad9ce9d8effc621708f99eac538ef1cbe05d6a874dd741de2e689c47feafed5"},
  "typable": {:hex, :typable, "0.3.0", "0431e121d124cd26f312123e313d2689b9a5322b15add65d424c07779eaa3ca1", [:mix], [], "hexpm", "880a0797752da1a4c508ac48f94711e04c86156f498065a83d160eef945858f8"},
}
